<?xml version="1.0" encoding="utf-8"?>
<Project ToolsVersion="4.0" xmlns="http://schemas.microsoft.com/developer/msbuild/2003">
  <ItemGroup>
    <Filter Include="源文件">
      <UniqueIdentifier>{4FC737F1-C7A5-4376-A066-2A32D752A2FF}</UniqueIdentifier>
      <Extensions>cpp;c;cc;cxx;c++;cppm;ixx;def;odl;idl;hpj;bat;asm;asmx</Extensions>
    </Filter>
    <Filter Include="头文件">
      <UniqueIdentifier>{93995380-89BD-4b04-88EB-625FBE52EBFB}</UniqueIdentifier>
      <Extensions>h;hh;hpp;hxx;h++;hm;inl;inc;ipp;xsd</Extensions>
    </Filter>
    <Filter Include="资源文件">
      <UniqueIdentifier>{67DA6AB6-F800-4c08-8B7A-83BB121AAD01}</UniqueIdentifier>
      <Extensions>rc;ico;cur;bmp;dlg;rc2;rct;bin;rgs;gif;jpg;jpeg;jpe;resx;tiff;tif;png;wav;mfcribbon-ms</Extensions>
    </Filter>
    <Filter Include="ccronexpr">
      <UniqueIdentifier>{c2cd9c80-5a90-480a-8d55-31086f91fdaa}</UniqueIdentifier>
    </Filter>
    <Filter Include="tinyexpr">
      <UniqueIdentifier>{84c11227-1323-4846-919a-79c13d1321d4}</UniqueIdentifier>
    </Filter>
    <Filter Include="cjson">
      <UniqueIdentifier>{e639fd76-5393-48b9-a008-ec8386c490f6}</UniqueIdentifier>
    </Filter>
  </ItemGroup>
  <ItemGroup>
    <ClCompile Include="agent.cpp">
      <Filter>源文件</Filter>
    </ClCompile>
    <ClCompile Include="alarm.cpp">
      <Filter>源文件</Filter>
    </ClCompile>
    <ClCompile Include="collector.cpp">
      <Filter>源文件</Filter>
    </ClCompile>
    <ClCompile Include="command.cpp">
      <Filter>源文件</Filter>
    </ClCompile>
    <ClCompile Include="compare.cpp">
      <Filter>源文件</Filter>
    </ClCompile>
    <ClCompile Include="context.cpp">
      <Filter>源文件</Filter>
    </ClCompile>
    <ClCompile Include="device.cpp">
      <Filter>源文件</Filter>
    </ClCompile>
    <ClCompile Include="element.cpp">
      <Filter>源文件</Filter>
    </ClCompile>
    <ClCompile Include="expression.cpp">
      <Filter>源文件</Filter>
    </ClCompile>
    <ClCompile Include="instruction.cpp">
      <Filter>源文件</Filter>
    </ClCompile>
    <ClCompile Include="job.cpp">
      <Filter>源文件</Filter>
    </ClCompile>
    <ClCompile Include="modbus.cpp">
      <Filter>源文件</Filter>
    </ClCompile>
    <ClCompile Include="project.cpp">
      <Filter>源文件</Filter>
    </ClCompile>
    <ClCompile Include="reactor.cpp">
      <Filter>源文件</Filter>
    </ClCompile>
    <ClCompile Include="point.cpp">
      <Filter>源文件</Filter>
    </ClCompile>
    <ClCompile Include="variable.cpp">
      <Filter>源文件</Filter>
    </ClCompile>
    <ClCompile Include="cron.cpp">
      <Filter>源文件</Filter>
    </ClCompile>
    <ClCompile Include="windows\main.cpp">
      <Filter>源文件</Filter>
    </ClCompile>
    <ClCompile Include="ccronexpr\ccronexpr.c">
      <Filter>ccronexpr</Filter>
    </ClCompile>
    <ClCompile Include="cjson\cJSON.c">
      <Filter>cjson</Filter>
    </ClCompile>
    <ClCompile Include="tinyexpr\tinyexpr.c">
      <Filter>tinyexpr</Filter>
    </ClCompile>
    <ClCompile Include="filter.cpp">
      <Filter>源文件</Filter>
    </ClCompile>
    <ClCompile Include="calculator.cpp">
      <Filter>源文件</Filter>
    </ClCompile>
    <ClCompile Include="aggregator.cpp">
      <Filter>源文件</Filter>
    </ClCompile>
  </ItemGroup>
  <ItemGroup>
    <ClInclude Include="agent.hpp">
      <Filter>头文件</Filter>
    </ClInclude>
    <ClInclude Include="alarm.hpp">
      <Filter>头文件</Filter>
    </ClInclude>
    <ClInclude Include="collector.hpp">
      <Filter>头文件</Filter>
    </ClInclude>
    <ClInclude Include="command.hpp">
      <Filter>头文件</Filter>
    </ClInclude>
    <ClInclude Include="compare.hpp">
      <Filter>头文件</Filter>
    </ClInclude>
    <ClInclude Include="context.hpp">
      <Filter>头文件</Filter>
    </ClInclude>
    <ClInclude Include="define.hpp">
      <Filter>头文件</Filter>
    </ClInclude>
    <ClInclude Include="device.hpp">
      <Filter>头文件</Filter>
    </ClInclude>
    <ClInclude Include="element.hpp">
      <Filter>头文件</Filter>
    </ClInclude>
    <ClInclude Include="expression.hpp">
      <Filter>头文件</Filter>
    </ClInclude>
    <ClInclude Include="instruction.hpp">
      <Filter>头文件</Filter>
    </ClInclude>
    <ClInclude Include="job.hpp">
      <Filter>头文件</Filter>
    </ClInclude>
    <ClInclude Include="modbus.hpp">
      <Filter>头文件</Filter>
    </ClInclude>
    <ClInclude Include="project.hpp">
      <Filter>头文件</Filter>
    </ClInclude>
    <ClInclude Include="reactor.hpp">
      <Filter>头文件</Filter>
    </ClInclude>
    <ClInclude Include="point.hpp">
      <Filter>头文件</Filter>
    </ClInclude>
    <ClInclude Include="variable.hpp">
      <Filter>头文件</Filter>
    </ClInclude>
    <ClInclude Include="cron.hpp">
      <Filter>头文件</Filter>
    </ClInclude>
    <ClInclude Include="json.hpp">
      <Filter>头文件</Filter>
    </ClInclude>
    <ClInclude Include="ccronexpr\ccronexpr.h">
      <Filter>ccronexpr</Filter>
    </ClInclude>
    <ClInclude Include="cjson\cJSON.h">
      <Filter>cjson</Filter>
    </ClInclude>
    <ClInclude Include="tinyexpr\tinyexpr.h">
      <Filter>tinyexpr</Filter>
    </ClInclude>
    <ClInclude Include="filter.hpp">
      <Filter>头文件</Filter>
    </ClInclude>
    <ClInclude Include="calculator.hpp">
      <Filter>头文件</Filter>
    </ClInclude>
    <ClInclude Include="aggregator.hpp">
      <Filter>头文件</Filter>
    </ClInclude>
  </ItemGroup>
</Project>